
Microsoft Visual Studio Solution File, Format Version 12.00
# Visual Studio Version 16
VisualStudioVersion = 16.0.30907.101
MinimumVisualStudioVersion = 10.0.40219.1
Project("{FAE04EC0-301F-11D3-BF4B-00C04F79EFBC}") = "ConsoleAppCSharpDataStructuresDemo", "ConsoleAppCSharpDataStructuresDemo\ConsoleAppCSharpDataStructuresDemo.csproj", "{D2942FDC-E754-4FE7-8D18-13A8798D93CB}"
EndProject
Global
	GlobalSection(SolutionConfigurationPlatforms) = preSolution
		Debug|Any CPU = Debug|Any CPU
		Release|Any CPU = Release|Any CPU
	EndGlobalSection
	GlobalSection(ProjectConfigurationPlatforms) = postSolution
		{D2942FDC-E754-4FE7-8D18-13A8798D93CB}.Debug|Any CPU.ActiveCfg = Debug|Any CPU
		{D2942FDC-E754-4FE7-8D18-13A8798D93CB}.Debug|Any CPU.Build.0 = Debug|Any CPU
		{D2942FDC-E754-4FE7-8D18-13A8798D93CB}.Release|Any CPU.ActiveCfg = Release|Any CPU
		{D2942FDC-E754-4FE7-8D18-13A8798D93CB}.Release|Any CPU.Build.0 = Release|Any CPU
	EndGlobalSection
	GlobalSection(SolutionProperties) = preSolution
		HideSolutionNode = FALSE
	EndGlobalSection
	GlobalSection(ExtensibilityGlobals) = postSolution
		SolutionGuid = {FD12D8AD-F024-445C-8588-FF00E2141F9C}
	EndGlobalSection
EndGlobal
